
Microsoft Visual Studio Solution File, Format Version 12.00
# Visual Studio Version 16
VisualStudioVersion = 16.0.28729.10
MinimumVisualStudioVersion = 10.0.40219.1
Project("{FAE04EC0-301F-11D3-BF4B-00C04F79EFBC}") = "universidadContoso", "universidadContoso\universidadContoso.csproj", "{59006FAB-3832-4F6C-B94F-1CDFEBEED3BD}"
EndProject
Global
	GlobalSection(SolutionConfigurationPlatforms) = preSolution
		Debug|Any CPU = Debug|Any CPU
		Release|Any CPU = Release|Any CPU
	EndGlobalSection
	GlobalSection(ProjectConfigurationPlatforms) = postSolution
		{59006FAB-3832-4F6C-B94F-1CDFEBEED3BD}.Debug|Any CPU.ActiveCfg = Debug|Any CPU
		{59006FAB-3832-4F6C-B94F-1CDFEBEED3BD}.Debug|Any CPU.Build.0 = Debug|Any CPU
		{59006FAB-3832-4F6C-B94F-1CDFEBEED3BD}.Release|Any CPU.ActiveCfg = Release|Any CPU
		{59006FAB-3832-4F6C-B94F-1CDFEBEED3BD}.Release|Any CPU.Build.0 = Release|Any CPU
	EndGlobalSection
	GlobalSection(SolutionProperties) = preSolution
		HideSolutionNode = FALSE
	EndGlobalSection
	GlobalSection(ExtensibilityGlobals) = postSolution
		SolutionGuid = {EF3E7AA8-7300-4ECA-B860-5CBCE9845BA1}
	EndGlobalSection
EndGlobal
